// !$*UTF8*$!
{
	archiveVersion = 1;
	classes = {
	};
	objectVersion = 56;
	objects = {

/* Begin PBXBuildFile section */
		4444F51F2ADE063700567020 /* Discover.swift in Sources */ = {isa = PBXBuildFile; fileRef = 4444F51E2ADE063700567020 /* Discover.swift */; };
		4444F5232ADE067B00567020 /* MovieViewModel.swift in Sources */ = {isa = PBXBuildFile; fileRef = 4444F5222ADE067B00567020 /* MovieViewModel.swift */; };
		4444F5262ADE075100567020 /* SDWebImageSwiftUI in Frameworks */ = {isa = PBXBuildFile; productRef = 4444F5252ADE075100567020 /* SDWebImageSwiftUI */; };
		4444F5282ADE077600567020 /* DetailsView.swift in Sources */ = {isa = PBXBuildFile; fileRef = 4444F5272ADE077600567020 /* DetailsView.swift */; };
		4444F52A2ADE07E300567020 /* RoudedCorners.swift in Sources */ = {isa = PBXBuildFile; fileRef = 4444F5292ADE07E300567020 /* RoudedCorners.swift */; };
		4444F52C2ADE08AC00567020 /* ListMoviesView.swift in Sources */ = {isa = PBXBuildFile; fileRef = 4444F52B2ADE08AC00567020 /* ListMoviesView.swift */; };
		4444F52E2ADE09D800567020 /* ListToWatchView.swift in Sources */ = {isa = PBXBuildFile; fileRef = 4444F52D2ADE09D800567020 /* ListToWatchView.swift */; };
		44F7983B2B156D9600B8D577 /* Favorite.swift in Sources */ = {isa = PBXBuildFile; fileRef = 44F7983A2B156D9600B8D577 /* Favorite.swift */; };
		44F7983D2B1605FF00B8D577 /* FavoriteView.swift in Sources */ = {isa = PBXBuildFile; fileRef = 44F7983C2B1605FF00B8D577 /* FavoriteView.swift */; };
		44FA139E2ADC76C400EE6A77 /* FinalWorkSwiftApp.swift in Sources */ = {isa = PBXBuildFile; fileRef = 44FA139D2ADC76C400EE6A77 /* FinalWorkSwiftApp.swift */; };
		44FA13A02ADC76C400EE6A77 /* ContentView.swift in Sources */ = {isa = PBXBuildFile; fileRef = 44FA139F2ADC76C400EE6A77 /* ContentView.swift */; };
		44FA13A22ADC76C700EE6A77 /* Assets.xcassets in Resources */ = {isa = PBXBuildFile; fileRef = 44FA13A12ADC76C700EE6A77 /* Assets.xcassets */; };
		44FA13A52ADC76C700EE6A77 /* Preview Assets.xcassets in Resources */ = {isa = PBXBuildFile; fileRef = 44FA13A42ADC76C700EE6A77 /* Preview Assets.xcassets */; };
/* End PBXBuildFile section */

/* Begin PBXFileReference section */
		4444F51E2ADE063700567020 /* Discover.swift */ = {isa = PBXFileReference; lastKnownFileType = sourcecode.swift; path = Discover.swift; sourceTree = "<group>"; };
		4444F5222ADE067B00567020 /* MovieViewModel.swift */ = {isa = PBXFileReference; lastKnownFileType = sourcecode.swift; path = MovieViewModel.swift; sourceTree = "<group>"; };
		4444F5272ADE077600567020 /* DetailsView.swift */ = {isa = PBXFileReference; lastKnownFileType = sourcecode.swift; path = DetailsView.swift; sourceTree = "<group>"; };
		4444F5292ADE07E300567020 /* RoudedCorners.swift */ = {isa = PBXFileReference; lastKnownFileType = sourcecode.swift; path = RoudedCorners.swift; sourceTree = "<group>"; };
		4444F52B2ADE08AC00567020 /* ListMoviesView.swift */ = {isa = PBXFileReference; lastKnownFileType = sourcecode.swift; path = ListMoviesView.swift; sourceTree = "<group>"; };
		4444F52D2ADE09D800567020 /* ListToWatchView.swift */ = {isa = PBXFileReference; lastKnownFileType = sourcecode.swift; path = ListToWatchView.swift; sourceTree = "<group>"; };
		44F7983A2B156D9600B8D577 /* Favorite.swift */ = {isa = PBXFileReference; lastKnownFileType = sourcecode.swift; path = Favorite.swift; sourceTree = "<group>"; };
		44F7983C2B1605FF00B8D577 /* FavoriteView.swift */ = {isa = PBXFileReference; lastKnownFileType = sourcecode.swift; path = FavoriteView.swift; sourceTree = "<group>"; };
		44FA139A2ADC76C400EE6A77 /* FinalWorkSwift.app */ = {isa = PBXFileReference; explicitFileType = wrapper.application; includeInIndex = 0; path = FinalWorkSwift.app; sourceTree = BUILT_PRODUCTS_DIR; };
		44FA139D2ADC76C400EE6A77 /* FinalWorkSwiftApp.swift */ = {isa = PBXFileReference; lastKnownFileType = sourcecode.swift; path = FinalWorkSwiftApp.swift; sourceTree = "<group>"; };
		44FA139F2ADC76C400EE6A77 /* ContentView.swift */ = {isa = PBXFileReference; lastKnownFileType = sourcecode.swift; path = ContentView.swift; sourceTree = "<group>"; };
		44FA13A12ADC76C700EE6A77 /* Assets.xcassets */ = {isa = PBXFileReference; lastKnownFileType = folder.assetcatalog; path = Assets.xcassets; sourceTree = "<group>"; };
		44FA13A42ADC76C700EE6A77 /* Preview Assets.xcassets */ = {isa = PBXFileReference; lastKnownFileType = folder.assetcatalog; path = "Preview Assets.xcassets"; sourceTree = "<group>"; };
/* End PBXFileReference section */

/* Begin PBXFrameworksBuildPhase section */
		44FA13972ADC76C400EE6A77 /* Frameworks */ = {
			isa = PBXFrameworksBuildPhase;
			buildActionMask = 2147483647;
			files = (
				4444F5262ADE075100567020 /* SDWebImageSwiftUI in Frameworks */,
			);
			runOnlyForDeploymentPostprocessing = 0;
		};
/* End PBXFrameworksBuildPhase section */

/* Begin PBXGroup section */
		4444F51D2ADE062500567020 /* Model */ = {
			isa = PBXGroup;
			children = (
				4444F51E2ADE063700567020 /* Discover.swift */,
				44F7983A2B156D9600B8D577 /* Favorite.swift */,
			);
			path = Model;
			sourceTree = "<group>";
		};
		4444F5202ADE064E00567020 /* View */ = {
			isa = PBXGroup;
			children = (
				44FA139F2ADC76C400EE6A77 /* ContentView.swift */,
				4444F5272ADE077600567020 /* DetailsView.swift */,
				4444F5292ADE07E300567020 /* RoudedCorners.swift */,
				4444F52B2ADE08AC00567020 /* ListMoviesView.swift */,
				4444F52D2ADE09D800567020 /* ListToWatchView.swift */,
				44F7983C2B1605FF00B8D577 /* FavoriteView.swift */,
			);
			path = View;
			sourceTree = "<group>";
		};
		4444F5212ADE065500567020 /* ViewModel */ = {
			isa = PBXGroup;
			children = (
				4444F5222ADE067B00567020 /* MovieViewModel.swift */,
			);
			path = ViewModel;
			sourceTree = "<group>";
		};
		44FA13912ADC76C400EE6A77 = {
			isa = PBXGroup;
			children = (
				44FA139C2ADC76C400EE6A77 /* FinalWorkSwift */,
				44FA139B2ADC76C400EE6A77 /* Products */,
			);
			sourceTree = "<group>";
		};
		44FA139B2ADC76C400EE6A77 /* Products */ = {
			isa = PBXGroup;
			children = (
				44FA139A2ADC76C400EE6A77 /* FinalWorkSwift.app */,
			);
			name = Products;
			sourceTree = "<group>";
		};
		44FA139C2ADC76C400EE6A77 /* FinalWorkSwift */ = {
			isa = PBXGroup;
			children = (
				4444F5212ADE065500567020 /* ViewModel */,
				4444F5202ADE064E00567020 /* View */,
				4444F51D2ADE062500567020 /* Model */,
				44FA139D2ADC76C400EE6A77 /* FinalWorkSwiftApp.swift */,
				44FA13A12ADC76C700EE6A77 /* Assets.xcassets */,
				44FA13A32ADC76C700EE6A77 /* Preview Content */,
			);
			path = FinalWorkSwift;
			sourceTree = "<group>";
		};
		44FA13A32ADC76C700EE6A77 /* Preview Content */ = {
			isa = PBXGroup;
			children = (
				44FA13A42ADC76C700EE6A77 /* Preview Assets.xcassets */,
			);
			path = "Preview Content";
			sourceTree = "<group>";
		};
/* End PBXGroup section */

/* Begin PBXNativeTarget section */
		44FA13992ADC76C400EE6A77 /* FinalWorkSwift */ = {
			isa = PBXNativeTarget;
			buildConfigurationList = 44FA13A82ADC76C700EE6A77 /* Build configuration list for PBXNativeTarget "FinalWorkSwift" */;
			buildPhases = (
				44FA13962ADC76C400EE6A77 /* Sources */,
				44FA13972ADC76C400EE6A77 /* Frameworks */,
				44FA13982ADC76C400EE6A77 /* Resources */,
			);
			buildRules = (
			);
			dependencies = (
			);
			name = FinalWorkSwift;
			packageProductDependencies = (
				4444F5252ADE075100567020 /* SDWebImageSwiftUI */,
			);
			productName = FinalWorkSwift;
			productReference = 44FA139A2ADC76C400EE6A77 /* FinalWorkSwift.app */;
			productType = "com.apple.product-type.application";
		};
/* End PBXNativeTarget section */

/* Begin PBXProject section */
		44FA13922ADC76C400EE6A77 /* Project object */ = {
			isa = PBXProject;
			attributes = {
				BuildIndependentTargetsInParallel = 1;
				LastSwiftUpdateCheck = 1500;
				LastUpgradeCheck = 1500;
				TargetAttributes = {
					44FA13992ADC76C400EE6A77 = {
						CreatedOnToolsVersion = 15.0;
					};
				};
			};
			buildConfigurationList = 44FA13952ADC76C400EE6A77 /* Build configuration list for PBXProject "FinalWorkSwift" */;
			compatibilityVersion = "Xcode 14.0";
			developmentRegion = en;
			hasScannedForEncodings = 0;
			knownRegions = (
				en,
				Base,
			);
			mainGroup = 44FA13912ADC76C400EE6A77;
			packageReferences = (
				4444F5242ADE075100567020 /* XCRemoteSwiftPackageReference "SDWebImageSwiftUI" */,
			);
			productRefGroup = 44FA139B2ADC76C400EE6A77 /* Products */;
			projectDirPath = "";
			projectRoot = "";
			targets = (
				44FA13992ADC76C400EE6A77 /* FinalWorkSwift */,
			);
		};
/* End PBXProject section */

/* Begin PBXResourcesBuildPhase section */
		44FA13982ADC76C400EE6A77 /* Resources */ = {
			isa = PBXResourcesBuildPhase;
			buildActionMask = 2147483647;
			files = (
				44FA13A52ADC76C700EE6A77 /* Preview Assets.xcassets in Resources */,
				44FA13A22ADC76C700EE6A77 /* Assets.xcassets in Resources */,
			);
			runOnlyForDeploymentPostprocessing = 0;
		};
/* End PBXResourcesBuildPhase section */

/* Begin PBXSourcesBuildPhase section */
		44FA13962ADC76C400EE6A77 /* Sources */ = {
			isa = PBXSourcesBuildPhase;
			buildActionMask = 2147483647;
			files = (
				44FA13A02ADC76C400EE6A77 /* ContentView.swift in Sources */,
				4444F52E2ADE09D800567020 /* ListToWatchView.swift in Sources */,
				4444F5282ADE077600567020 /* DetailsView.swift in Sources */,
				44FA139E2ADC76C400EE6A77 /* FinalWorkSwiftApp.swift in Sources */,
				4444F51F2ADE063700567020 /* Discover.swift in Sources */,
				4444F5232ADE067B00567020 /* MovieViewModel.swift in Sources */,
				44F7983B2B156D9600B8D577 /* Favorite.swift in Sources */,
				4444F52C2ADE08AC00567020 /* ListMoviesView.swift in Sources */,
				44F7983D2B1605FF00B8D577 /* FavoriteView.swift in Sources */,
				4444F52A2ADE07E300567020 /* RoudedCorners.swift in Sources */,
			);
			runOnlyForDeploymentPostprocessing = 0;
		};
/* End PBXSourcesBuildPhase section */

/* Begin XCBuildConfiguration section */
		44FA13A62ADC76C700EE6A77 /* Debug */ = {
			isa = XCBuildConfiguration;
			buildSettings = {
				ALWAYS_SEARCH_USER_PATHS = NO;
				ASSETCATALOG_COMPILER_GENERATE_SWIFT_ASSET_SYMBOL_EXTENSIONS = YES;
				CLANG_ANALYZER_NONNULL = YES;
				CLANG_ANALYZER_NUMBER_OBJECT_CONVERSION = YES_AGGRESSIVE;
				CLANG_CXX_LANGUAGE_STANDARD = "gnu++20";
				CLANG_ENABLE_MODULES = YES;
				CLANG_ENABLE_OBJC_ARC = YES;
				CLANG_ENABLE_OBJC_WEAK = YES;
				CLANG_WARN_BLOCK_CAPTURE_AUTORELEASING = YES;
				CLANG_WARN_BOOL_CONVERSION = YES;
				CLANG_WARN_COMMA = YES;
				CLANG_WARN_CONSTANT_CONVERSION = YES;
				CLANG_WARN_DEPRECATED_OBJC_IMPLEMENTATIONS = YES;
				CLANG_WARN_DIRECT_OBJC_ISA_USAGE = YES_ERROR;
				CLANG_WARN_DOCUMENTATION_COMMENTS = YES;
				CLANG_WARN_EMPTY_BODY = YES;
				CLANG_WARN_ENUM_CONVERSION = YES;
				CLANG_WARN_INFINITE_RECURSION = YES;
				CLANG_WARN_INT_CONVERSION = YES;
				CLANG_WARN_NON_LITERAL_NULL_CONVERSION = YES;
				CLANG_WARN_OBJC_IMPLICIT_RETAIN_SELF = YES;
				CLANG_WARN_OBJC_LITERAL_CONVERSION = YES;
				CLANG_WARN_OBJC_ROOT_CLASS = YES_ERROR;
				CLANG_WARN_QUOTED_INCLUDE_IN_FRAMEWORK_HEADER = YES;
				CLANG_WARN_RANGE_LOOP_ANALYSIS = YES;
				CLANG_WARN_STRICT_PROTOTYPES = YES;
				CLANG_WARN_SUSPICIOUS_MOVE = YES;
				CLANG_WARN_UNGUARDED_AVAILABILITY = YES_AGGRESSIVE;
				CLANG_WARN_UNREACHABLE_CODE = YES;
				CLANG_WARN__DUPLICATE_METHOD_MATCH = YES;
				COPY_PHASE_STRIP = NO;
				DEBUG_INFORMATION_FORMAT = dwarf;
				ENABLE_STRICT_OBJC_MSGSEND = YES;
				ENABLE_TESTABILITY = YES;
				ENABLE_USER_SCRIPT_SANDBOXING = YES;
				GCC_C_LANGUAGE_STANDARD = gnu17;
				GCC_DYNAMIC_NO_PIC = NO;
				GCC_NO_COMMON_BLOCKS = YES;
				GCC_OPTIMIZATION_LEVEL = 0;
				GCC_PREPROCESSOR_DEFINITIONS = (
					"DEBUG=1",
					"$(inherited)",
				);
				GCC_WARN_64_TO_32_BIT_CONVERSION = YES;
				GCC_WARN_ABOUT_RETURN_TYPE = YES_ERROR;
				GCC_WARN_UNDECLARED_SELECTOR = YES;
				GCC_WARN_UNINITIALIZED_AUTOS = YES_AGGRESSIVE;
				GCC_WARN_UNUSED_FUNCTION = YES;
				GCC_WARN_UNUSED_VARIABLE = YES;
				IPHONEOS_DEPLOYMENT_TARGET = 17.0;
				LOCALIZATION_PREFERS_STRING_CATALOGS = YES;
				MTL_ENABLE_DEBUG_INFO = INCLUDE_SOURCE;
				MTL_FAST_MATH = YES;
				ONLY_ACTIVE_ARCH = YES;
				SDKROOT = iphoneos;
				SWIFT_ACTIVE_COMPILATION_CONDITIONS = "DEBUG $(inherited)";
				SWIFT_OPTIMIZATION_LEVEL = "-Onone";
			};
			name = Debug;
		};
		44FA13A72ADC76C700EE6A77 /* Release */ = {
			isa = XCBuildConfiguration;
			buildSettings = {
				ALWAYS_SEARCH_USER_PATHS = NO;
				ASSETCATALOG_COMPILER_GENERATE_SWIFT_ASSET_SYMBOL_EXTENSIONS = YES;
				CLANG_ANALYZER_NONNULL = YES;
				CLANG_ANALYZER_NUMBER_OBJECT_CONVERSION = YES_AGGRESSIVE;
				CLANG_CXX_LANGUAGE_STANDARD = "gnu++20";
				CLANG_ENABLE_MODULES = YES;
				CLANG_ENABLE_OBJC_ARC = YES;
				CLANG_ENABLE_OBJC_WEAK = YES;
				CLANG_WARN_BLOCK_CAPTURE_AUTORELEASING = YES;
				CLANG_WARN_BOOL_CONVERSION = YES;
				CLANG_WARN_COMMA = YES;
				CLANG_WARN_CONSTANT_CONVERSION = YES;
				CLANG_WARN_DEPRECATED_OBJC_IMPLEMENTATIONS = YES;
				CLANG_WARN_DIRECT_OBJC_ISA_USAGE = YES_ERROR;
				CLANG_WARN_DOCUMENTATION_COMMENTS = YES;
				CLANG_WARN_EMPTY_BODY = YES;
				CLANG_WARN_ENUM_CONVERSION = YES;
				CLANG_WARN_INFINITE_RECURSION = YES;
				CLANG_WARN_INT_CONVERSION = YES;
				CLANG_WARN_NON_LITERAL_NULL_CONVERSION = YES;
				CLANG_WARN_OBJC_IMPLICIT_RETAIN_SELF = YES;
				CLANG_WARN_OBJC_LITERAL_CONVERSION = YES;
				CLANG_WARN_OBJC_ROOT_CLASS = YES_ERROR;
				CLANG_WARN_QUOTED_INCLUDE_IN_FRAMEWORK_HEADER = YES;
				CLANG_WARN_RANGE_LOOP_ANALYSIS = YES;
				CLANG_WARN_STRICT_PROTOTYPES = YES;
				CLANG_WARN_SUSPICIOUS_MOVE = YES;
				CLANG_WARN_UNGUARDED_AVAILABILITY = YES_AGGRESSIVE;
				CLANG_WARN_UNREACHABLE_CODE = YES;
				CLANG_WARN__DUPLICATE_METHOD_MATCH = YES;
				COPY_PHASE_STRIP = NO;
				DEBUG_INFORMATION_FORMAT = "dwarf-with-dsym";
				ENABLE_NS_ASSERTIONS = NO;
				ENABLE_STRICT_OBJC_MSGSEND = YES;
				ENABLE_USER_SCRIPT_SANDBOXING = YES;
				GCC_C_LANGUAGE_STANDARD = gnu17;
				GCC_NO_COMMON_BLOCKS = YES;
				GCC_WARN_64_TO_32_BIT_CONVERSION = YES;
				GCC_WARN_ABOUT_RETURN_TYPE = YES_ERROR;
				GCC_WARN_UNDECLARED_SELECTOR = YES;
				GCC_WARN_UNINITIALIZED_AUTOS = YES_AGGRESSIVE;
				GCC_WARN_UNUSED_FUNCTION = YES;
				GCC_WARN_UNUSED_VARIABLE = YES;
				IPHONEOS_DEPLOYMENT_TARGET = 17.0;
				LOCALIZATION_PREFERS_STRING_CATALOGS = YES;
				MTL_ENABLE_DEBUG_INFO = NO;
				MTL_FAST_MATH = YES;
				SDKROOT = iphoneos;
				SWIFT_COMPILATION_MODE = wholemodule;
				VALIDATE_PRODUCT = YES;
			};
			name = Release;
		};
		44FA13A92ADC76C700EE6A77 /* Debug */ = {
			isa = XCBuildConfiguration;
			buildSettings = {
				ASSETCATALOG_COMPILER_APPICON_NAME = AppIcon;
				ASSETCATALOG_COMPILER_GLOBAL_ACCENT_COLOR_NAME = AccentColor;
				CODE_SIGN_STYLE = Automatic;
				CURRENT_PROJECT_VERSION = 1;
				DEVELOPMENT_ASSET_PATHS = "\"FinalWorkSwift/Preview Content\"";
				DEVELOPMENT_TEAM = 6PVTRQ58JH;
				ENABLE_PREVIEWS = YES;
				GENERATE_INFOPLIST_FILE = YES;
				INFOPLIST_KEY_UIApplicationSceneManifest_Generation = YES;
				INFOPLIST_KEY_UIApplicationSupportsIndirectInputEvents = YES;
				INFOPLIST_KEY_UILaunchScreen_Generation = YES;
				INFOPLIST_KEY_UISupportedInterfaceOrientations_iPad = "UIInterfaceOrientationPortrait UIInterfaceOrientationPortraitUpsideDown UIInterfaceOrientationLandscapeLeft UIInterfaceOrientationLandscapeRight";
				INFOPLIST_KEY_UISupportedInterfaceOrientations_iPhone = "UIInterfaceOrientationPortrait UIInterfaceOrientationLandscapeLeft UIInterfaceOrientationLandscapeRight";
				LD_RUNPATH_SEARCH_PATHS = (
					"$(inherited)",
					"@executable_path/Frameworks",
				);
				MARKETING_VERSION = 1.0;
				PRODUCT_BUNDLE_IDENTIFIER = br.com.robaert.FinalWorkSwift;
				PRODUCT_NAME = "$(TARGET_NAME)";
				SWIFT_EMIT_LOC_STRINGS = YES;
				SWIFT_VERSION = 5.0;
				TARGETED_DEVICE_FAMILY = "1,2";
			};
			name = Debug;
		};
		44FA13AA2ADC76C700EE6A77 /* Release */ = {
			isa = XCBuildConfiguration;
			buildSettings = {
				ASSETCATALOG_COMPILER_APPICON_NAME = AppIcon;
				ASSETCATALOG_COMPILER_GLOBAL_ACCENT_COLOR_NAME = AccentColor;
				CODE_SIGN_STYLE = Automatic;
				CURRENT_PROJECT_VERSION = 1;
				DEVELOPMENT_ASSET_PATHS = "\"FinalWorkSwift/Preview Content\"";
				DEVELOPMENT_TEAM = 6PVTRQ58JH;
				ENABLE_PREVIEWS = YES;
				GENERATE_INFOPLIST_FILE = YES;
				INFOPLIST_KEY_UIApplicationSceneManifest_Generation = YES;
				INFOPLIST_KEY_UIApplicationSupportsIndirectInputEvents = YES;
				INFOPLIST_KEY_UILaunchScreen_Generation = YES;
				INFOPLIST_KEY_UISupportedInterfaceOrientations_iPad = "UIInterfaceOrientationPortrait UIInterfaceOrientationPortraitUpsideDown UIInterfaceOrientationLandscapeLeft UIInterfaceOrientationLandscapeRight";
				INFOPLIST_KEY_UISupportedInterfaceOrientations_iPhone = "UIInterfaceOrientationPortrait UIInterfaceOrientationLandscapeLeft UIInterfaceOrientationLandscapeRight";
				LD_RUNPATH_SEARCH_PATHS = (
					"$(inherited)",
					"@executable_path/Frameworks",
				);
				MARKETING_VERSION = 1.0;
				PRODUCT_BUNDLE_IDENTIFIER = br.com.robaert.FinalWorkSwift;
				PRODUCT_NAME = "$(TARGET_NAME)";
				SWIFT_EMIT_LOC_STRINGS = YES;
				SWIFT_VERSION = 5.0;
				TARGETED_DEVICE_FAMILY = "1,2";
			};
			name = Release;
		};
/* End XCBuildConfiguration section */

/* Begin XCConfigurationList section */
		44FA13952ADC76C400EE6A77 /* Build configuration list for PBXProject "FinalWorkSwift" */ = {
			isa = XCConfigurationList;
			buildConfigurations = (
				44FA13A62ADC76C700EE6A77 /* Debug */,
				44FA13A72ADC76C700EE6A77 /* Release */,
			);
			defaultConfigurationIsVisible = 0;
			defaultConfigurationName = Release;
		};
		44FA13A82ADC76C700EE6A77 /* Build configuration list for PBXNativeTarget "FinalWorkSwift" */ = {
			isa = XCConfigurationList;
			buildConfigurations = (
				44FA13A92ADC76C700EE6A77 /* Debug */,
				44FA13AA2ADC76C700EE6A77 /* Release */,
			);
			defaultConfigurationIsVisible = 0;
			defaultConfigurationName = Release;
		};
/* End XCConfigurationList section */

/* Begin XCRemoteSwiftPackageReference section */
		4444F5242ADE075100567020 /* XCRemoteSwiftPackageReference "SDWebImageSwiftUI" */ = {
			isa = XCRemoteSwiftPackageReference;
			repositoryURL = "https://github.com/SDWebImage/SDWebImageSwiftUI.git";
			requirement = {
				kind = upToNextMajorVersion;
				minimumVersion = 2.2.3;
			};
		};
/* End XCRemoteSwiftPackageReference section */

/* Begin XCSwiftPackageProductDependency section */
		4444F5252ADE075100567020 /* SDWebImageSwiftUI */ = {
			isa = XCSwiftPackageProductDependency;
			package = 4444F5242ADE075100567020 /* XCRemoteSwiftPackageReference "SDWebImageSwiftUI" */;
			productName = SDWebImageSwiftUI;
		};
/* End XCSwiftPackageProductDependency section */
	};
	rootObject = 44FA13922ADC76C400EE6A77 /* Project object */;
}
